// !$*UTF8*$!
{
	archiveVersion = 1;
	classes = {
	};
	objectVersion = 56;
	objects = {

/* Begin PBXBuildFile section */
		CF310B822B2AFE440079C734 /* AppDelegate.swift in Sources */ = {isa = PBXBuildFile; fileRef = CF310B812B2AFE440079C734 /* AppDelegate.swift */; };
		CF310B842B2AFE440079C734 /* SceneDelegate.swift in Sources */ = {isa = PBXBuildFile; fileRef = CF310B832B2AFE440079C734 /* SceneDelegate.swift */; };
		CF310B862B2AFE440079C734 /* ViewController.swift in Sources */ = {isa = PBXBuildFile; fileRef = CF310B852B2AFE440079C734 /* ViewController.swift */; };
		CF310B892B2AFE440079C734 /* Main.storyboard in Resources */ = {isa = PBXBuildFile; fileRef = CF310B872B2AFE440079C734 /* Main.storyboard */; };
		CF310B8B2B2AFE460079C734 /* Assets.xcassets in Resources */ = {isa = PBXBuildFile; fileRef = CF310B8A2B2AFE460079C734 /* Assets.xcassets */; };
		CF310B8E2B2AFE460079C734 /* LaunchScreen.storyboard in Resources */ = {isa = PBXBuildFile; fileRef = CF310B8C2B2AFE460079C734 /* LaunchScreen.storyboard */; };
		CF310B992B2AFE460079C734 /* Luxy_DriverTests.swift in Sources */ = {isa = PBXBuildFile; fileRef = CF310B982B2AFE460079C734 /* Luxy_DriverTests.swift */; };
		CF310BA32B2AFE460079C734 /* Luxy_DriverUITests.swift in Sources */ = {isa = PBXBuildFile; fileRef = CF310BA22B2AFE460079C734 /* Luxy_DriverUITests.swift */; };
		CF310BA52B2AFE460079C734 /* Luxy_DriverUITestsLaunchTests.swift in Sources */ = {isa = PBXBuildFile; fileRef = CF310BA42B2AFE460079C734 /* Luxy_DriverUITestsLaunchTests.swift */; };
/* End PBXBuildFile section */

/* Begin PBXContainerItemProxy section */
		CF310B952B2AFE460079C734 /* PBXContainerItemProxy */ = {
			isa = PBXContainerItemProxy;
			containerPortal = CF310B762B2AFE440079C734 /* Project object */;
			proxyType = 1;
			remoteGlobalIDString = CF310B7D2B2AFE440079C734;
			remoteInfo = "Luxy Driver";
		};
		CF310B9F2B2AFE460079C734 /* PBXContainerItemProxy */ = {
			isa = PBXContainerItemProxy;
			containerPortal = CF310B762B2AFE440079C734 /* Project object */;
			proxyType = 1;
			remoteGlobalIDString = CF310B7D2B2AFE440079C734;
			remoteInfo = "Luxy Driver";
		};
/* End PBXContainerItemProxy section */

/* Begin PBXFileReference section */
		CF310B7E2B2AFE440079C734 /* Luxy Driver.app */ = {isa = PBXFileReference; explicitFileType = wrapper.application; includeInIndex = 0; path = "Luxy Driver.app"; sourceTree = BUILT_PRODUCTS_DIR; };
		CF310B812B2AFE440079C734 /* AppDelegate.swift */ = {isa = PBXFileReference; lastKnownFileType = sourcecode.swift; path = AppDelegate.swift; sourceTree = "<group>"; };
		CF310B832B2AFE440079C734 /* SceneDelegate.swift */ = {isa = PBXFileReference; lastKnownFileType = sourcecode.swift; path = SceneDelegate.swift; sourceTree = "<group>"; };
		CF310B852B2AFE440079C734 /* ViewController.swift */ = {isa = PBXFileReference; lastKnownFileType = sourcecode.swift; path = ViewController.swift; sourceTree = "<group>"; };
		CF310B882B2AFE440079C734 /* Base */ = {isa = PBXFileReference; lastKnownFileType = file.storyboard; name = Base; path = Base.lproj/Main.storyboard; sourceTree = "<group>"; };
		CF310B8A2B2AFE460079C734 /* Assets.xcassets */ = {isa = PBXFileReference; lastKnownFileType = folder.assetcatalog; path = Assets.xcassets; sourceTree = "<group>"; };
		CF310B8D2B2AFE460079C734 /* Base */ = {isa = PBXFileReference; lastKnownFileType = file.storyboard; name = Base; path = Base.lproj/LaunchScreen.storyboard; sourceTree = "<group>"; };
		CF310B8F2B2AFE460079C734 /* Info.plist */ = {isa = PBXFileReference; lastKnownFileType = text.plist.xml; path = Info.plist; sourceTree = "<group>"; };
		CF310B942B2AFE460079C734 /* Luxy DriverTests.xctest */ = {isa = PBXFileReference; explicitFileType = wrapper.cfbundle; includeInIndex = 0; path = "Luxy DriverTests.xctest"; sourceTree = BUILT_PRODUCTS_DIR; };
		CF310B982B2AFE460079C734 /* Luxy_DriverTests.swift */ = {isa = PBXFileReference; lastKnownFileType = sourcecode.swift; path = Luxy_DriverTests.swift; sourceTree = "<group>"; };
		CF310B9E2B2AFE460079C734 /* Luxy DriverUITests.xctest */ = {isa = PBXFileReference; explicitFileType = wrapper.cfbundle; includeInIndex = 0; path = "Luxy DriverUITests.xctest"; sourceTree = BUILT_PRODUCTS_DIR; };
		CF310BA22B2AFE460079C734 /* Luxy_DriverUITests.swift */ = {isa = PBXFileReference; lastKnownFileType = sourcecode.swift; path = Luxy_DriverUITests.swift; sourceTree = "<group>"; };
		CF310BA42B2AFE460079C734 /* Luxy_DriverUITestsLaunchTests.swift */ = {isa = PBXFileReference; lastKnownFileType = sourcecode.swift; path = Luxy_DriverUITestsLaunchTests.swift; sourceTree = "<group>"; };
/* End PBXFileReference section */

/* Begin PBXFrameworksBuildPhase section */
		CF310B7B2B2AFE440079C734 /* Frameworks */ = {
			isa = PBXFrameworksBuildPhase;
			buildActionMask = 2147483647;
			files = (
			);
			runOnlyForDeploymentPostprocessing = 0;
		};
		CF310B912B2AFE460079C734 /* Frameworks */ = {
			isa = PBXFrameworksBuildPhase;
			buildActionMask = 2147483647;
			files = (
			);
			runOnlyForDeploymentPostprocessing = 0;
		};
		CF310B9B2B2AFE460079C734 /* Frameworks */ = {
			isa = PBXFrameworksBuildPhase;
			buildActionMask = 2147483647;
			files = (
			);
			runOnlyForDeploymentPostprocessing = 0;
		};
/* End PBXFrameworksBuildPhase section */

/* Begin PBXGroup section */
		CF310B752B2AFE440079C734 = {
			isa = PBXGroup;
			children = (
				CF310B802B2AFE440079C734 /* Luxy Driver */,
				CF310B972B2AFE460079C734 /* Luxy DriverTests */,
				CF310BA12B2AFE460079C734 /* Luxy DriverUITests */,
				CF310B7F2B2AFE440079C734 /* Products */,
			);
			sourceTree = "<group>";
		};
		CF310B7F2B2AFE440079C734 /* Products */ = {
			isa = PBXGroup;
			children = (
				CF310B7E2B2AFE440079C734 /* Luxy Driver.app */,
				CF310B942B2AFE460079C734 /* Luxy DriverTests.xctest */,
				CF310B9E2B2AFE460079C734 /* Luxy DriverUITests.xctest */,
			);
			name = Products;
			sourceTree = "<group>";
		};
		CF310B802B2AFE440079C734 /* Luxy Driver */ = {
			isa = PBXGroup;
			children = (
				CF310B812B2AFE440079C734 /* AppDelegate.swift */,
				CF310B832B2AFE440079C734 /* SceneDelegate.swift */,
				CF310B852B2AFE440079C734 /* ViewController.swift */,
				CF310B872B2AFE440079C734 /* Main.storyboard */,
				CF310B8A2B2AFE460079C734 /* Assets.xcassets */,
				CF310B8C2B2AFE460079C734 /* LaunchScreen.storyboard */,
				CF310B8F2B2AFE460079C734 /* Info.plist */,
			);
			path = "Luxy Driver";
			sourceTree = "<group>";
		};
		CF310B972B2AFE460079C734 /* Luxy DriverTests */ = {
			isa = PBXGroup;
			children = (
				CF310B982B2AFE460079C734 /* Luxy_DriverTests.swift */,
			);
			path = "Luxy DriverTests";
			sourceTree = "<group>";
		};
		CF310BA12B2AFE460079C734 /* Luxy DriverUITests */ = {
			isa = PBXGroup;
			children = (
				CF310BA22B2AFE460079C734 /* Luxy_DriverUITests.swift */,
				CF310BA42B2AFE460079C734 /* Luxy_DriverUITestsLaunchTests.swift */,
			);
			path = "Luxy DriverUITests";
			sourceTree = "<group>";
		};
/* End PBXGroup section */

/* Begin PBXNativeTarget section */
		CF310B7D2B2AFE440079C734 /* Luxy Driver */ = {
			isa = PBXNativeTarget;
			buildConfigurationList = CF310BA82B2AFE460079C734 /* Build configuration list for PBXNativeTarget "Luxy Driver" */;
			buildPhases = (
				CF310B7A2B2AFE440079C734 /* Sources */,
				CF310B7B2B2AFE440079C734 /* Frameworks */,
				CF310B7C2B2AFE440079C734 /* Resources */,
			);
			buildRules = (
			);
			dependencies = (
			);
			name = "Luxy Driver";
			productName = "Luxy Driver";
			productReference = CF310B7E2B2AFE440079C734 /* Luxy Driver.app */;
			productType = "com.apple.product-type.application";
		};
		CF310B932B2AFE460079C734 /* Luxy DriverTests */ = {
			isa = PBXNativeTarget;
			buildConfigurationList = CF310BAB2B2AFE460079C734 /* Build configuration list for PBXNativeTarget "Luxy DriverTests" */;
			buildPhases = (
				CF310B902B2AFE460079C734 /* Sources */,
				CF310B912B2AFE460079C734 /* Frameworks */,
				CF310B922B2AFE460079C734 /* Resources */,
			);
			buildRules = (
			);
			dependencies = (
				CF310B962B2AFE460079C734 /* PBXTargetDependency */,
			);
			name = "Luxy DriverTests";
			productName = "Luxy DriverTests";
			productReference = CF310B942B2AFE460079C734 /* Luxy DriverTests.xctest */;
			productType = "com.apple.product-type.bundle.unit-test";
		};
		CF310B9D2B2AFE460079C734 /* Luxy DriverUITests */ = {
			isa = PBXNativeTarget;
			buildConfigurationList = CF310BAE2B2AFE460079C734 /* Build configuration list for PBXNativeTarget "Luxy DriverUITests" */;
			buildPhases = (
				CF310B9A2B2AFE460079C734 /* Sources */,
				CF310B9B2B2AFE460079C734 /* Frameworks */,
				CF310B9C2B2AFE460079C734 /* Resources */,
			);
			buildRules = (
			);
			dependencies = (
				CF310BA02B2AFE460079C734 /* PBXTargetDependency */,
			);
			name = "Luxy DriverUITests";
			productName = "Luxy DriverUITests";
			productReference = CF310B9E2B2AFE460079C734 /* Luxy DriverUITests.xctest */;
			productType = "com.apple.product-type.bundle.ui-testing";
		};
/* End PBXNativeTarget section */

/* Begin PBXProject section */
		CF310B762B2AFE440079C734 /* Project object */ = {
			isa = PBXProject;
			attributes = {
				BuildIndependentTargetsInParallel = 1;
				LastSwiftUpdateCheck = 1500;
				LastUpgradeCheck = 1500;
				TargetAttributes = {
					CF310B7D2B2AFE440079C734 = {
						CreatedOnToolsVersion = 15.0;
					};
					CF310B932B2AFE460079C734 = {
						CreatedOnToolsVersion = 15.0;
						TestTargetID = CF310B7D2B2AFE440079C734;
					};
					CF310B9D2B2AFE460079C734 = {
						CreatedOnToolsVersion = 15.0;
						TestTargetID = CF310B7D2B2AFE440079C734;
					};
				};
			};
			buildConfigurationList = CF310B792B2AFE440079C734 /* Build configuration list for PBXProject "Luxy Driver" */;
			compatibilityVersion = "Xcode 14.0";
			developmentRegion = en;
			hasScannedForEncodings = 0;
			knownRegions = (
				en,
				Base,
			);
			mainGroup = CF310B752B2AFE440079C734;
			productRefGroup = CF310B7F2B2AFE440079C734 /* Products */;
			projectDirPath = "";
			projectRoot = "";
			targets = (
				CF310B7D2B2AFE440079C734 /* Luxy Driver */,
				CF310B932B2AFE460079C734 /* Luxy DriverTests */,
				CF310B9D2B2AFE460079C734 /* Luxy DriverUITests */,
			);
		};
/* End PBXProject section */

/* Begin PBXResourcesBuildPhase section */
		CF310B7C2B2AFE440079C734 /* Resources */ = {
			isa = PBXResourcesBuildPhase;
			buildActionMask = 2147483647;
			files = (
				CF310B8E2B2AFE460079C734 /* LaunchScreen.storyboard in Resources */,
				CF310B8B2B2AFE460079C734 /* Assets.xcassets in Resources */,
				CF310B892B2AFE440079C734 /* Main.storyboard in Resources */,
			);
			runOnlyForDeploymentPostprocessing = 0;
		};
		CF310B922B2AFE460079C734 /* Resources */ = {
			isa = PBXResourcesBuildPhase;
			buildActionMask = 2147483647;
			files = (
			);
			runOnlyForDeploymentPostprocessing = 0;
		};
		CF310B9C2B2AFE460079C734 /* Resources */ = {
			isa = PBXResourcesBuildPhase;
			buildActionMask = 2147483647;
			files = (
			);
			runOnlyForDeploymentPostprocessing = 0;
		};
/* End PBXResourcesBuildPhase section */

/* Begin PBXSourcesBuildPhase section */
		CF310B7A2B2AFE440079C734 /* Sources */ = {
			isa = PBXSourcesBuildPhase;
			buildActionMask = 2147483647;
			files = (
				CF310B862B2AFE440079C734 /* ViewController.swift in Sources */,
				CF310B822B2AFE440079C734 /* AppDelegate.swift in Sources */,
				CF310B842B2AFE440079C734 /* SceneDelegate.swift in Sources */,
			);
			runOnlyForDeploymentPostprocessing = 0;
		};
		CF310B902B2AFE460079C734 /* Sources */ = {
			isa = PBXSourcesBuildPhase;
			buildActionMask = 2147483647;
			files = (
				CF310B992B2AFE460079C734 /* Luxy_DriverTests.swift in Sources */,
			);
			runOnlyForDeploymentPostprocessing = 0;
		};
		CF310B9A2B2AFE460079C734 /* Sources */ = {
			isa = PBXSourcesBuildPhase;
			buildActionMask = 2147483647;
			files = (
				CF310BA52B2AFE460079C734 /* Luxy_DriverUITestsLaunchTests.swift in Sources */,
				CF310BA32B2AFE460079C734 /* Luxy_DriverUITests.swift in Sources */,
			);
			runOnlyForDeploymentPostprocessing = 0;
		};
/* End PBXSourcesBuildPhase section */

/* Begin PBXTargetDependency section */
		CF310B962B2AFE460079C734 /* PBXTargetDependency */ = {
			isa = PBXTargetDependency;
			target = CF310B7D2B2AFE440079C734 /* Luxy Driver */;
			targetProxy = CF310B952B2AFE460079C734 /* PBXContainerItemProxy */;
		};
		CF310BA02B2AFE460079C734 /* PBXTargetDependency */ = {
			isa = PBXTargetDependency;
			target = CF310B7D2B2AFE440079C734 /* Luxy Driver */;
			targetProxy = CF310B9F2B2AFE460079C734 /* PBXContainerItemProxy */;
		};
/* End PBXTargetDependency section */

/* Begin PBXVariantGroup section */
		CF310B872B2AFE440079C734 /* Main.storyboard */ = {
			isa = PBXVariantGroup;
			children = (
				CF310B882B2AFE440079C734 /* Base */,
			);
			name = Main.storyboard;
			sourceTree = "<group>";
		};
		CF310B8C2B2AFE460079C734 /* LaunchScreen.storyboard */ = {
			isa = PBXVariantGroup;
			children = (
				CF310B8D2B2AFE460079C734 /* Base */,
			);
			name = LaunchScreen.storyboard;
			sourceTree = "<group>";
		};
/* End PBXVariantGroup section */

/* Begin XCBuildConfiguration section */
		CF310BA62B2AFE460079C734 /* Debug */ = {
			isa = XCBuildConfiguration;
			buildSettings = {
				ALWAYS_SEARCH_USER_PATHS = NO;
				ASSETCATALOG_COMPILER_GENERATE_SWIFT_ASSET_SYMBOL_EXTENSIONS = YES;
				CLANG_ANALYZER_NONNULL = YES;
				CLANG_ANALYZER_NUMBER_OBJECT_CONVERSION = YES_AGGRESSIVE;
				CLANG_CXX_LANGUAGE_STANDARD = "gnu++20";
				CLANG_ENABLE_MODULES = YES;
				CLANG_ENABLE_OBJC_ARC = YES;
				CLANG_ENABLE_OBJC_WEAK = YES;
				CLANG_WARN_BLOCK_CAPTURE_AUTORELEASING = YES;
				CLANG_WARN_BOOL_CONVERSION = YES;
				CLANG_WARN_COMMA = YES;
				CLANG_WARN_CONSTANT_CONVERSION = YES;
				CLANG_WARN_DEPRECATED_OBJC_IMPLEMENTATIONS = YES;
				CLANG_WARN_DIRECT_OBJC_ISA_USAGE = YES_ERROR;
				CLANG_WARN_DOCUMENTATION_COMMENTS = YES;
				CLANG_WARN_EMPTY_BODY = YES;
				CLANG_WARN_ENUM_CONVERSION = YES;
				CLANG_WARN_INFINITE_RECURSION = YES;
				CLANG_WARN_INT_CONVERSION = YES;
				CLANG_WARN_NON_LITERAL_NULL_CONVERSION = YES;
				CLANG_WARN_OBJC_IMPLICIT_RETAIN_SELF = YES;
				CLANG_WARN_OBJC_LITERAL_CONVERSION = YES;
				CLANG_WARN_OBJC_ROOT_CLASS = YES_ERROR;
				CLANG_WARN_QUOTED_INCLUDE_IN_FRAMEWORK_HEADER = YES;
				CLANG_WARN_RANGE_LOOP_ANALYSIS = YES;
				CLANG_WARN_STRICT_PROTOTYPES = YES;
				CLANG_WARN_SUSPICIOUS_MOVE = YES;
				CLANG_WARN_UNGUARDED_AVAILABILITY = YES_AGGRESSIVE;
				CLANG_WARN_UNREACHABLE_CODE = YES;
				CLANG_WARN__DUPLICATE_METHOD_MATCH = YES;
				COPY_PHASE_STRIP = NO;
				DEBUG_INFORMATION_FORMAT = dwarf;
				ENABLE_STRICT_OBJC_MSGSEND = YES;
				ENABLE_TESTABILITY = YES;
				ENABLE_USER_SCRIPT_SANDBOXING = YES;
				GCC_C_LANGUAGE_STANDARD = gnu17;
				GCC_DYNAMIC_NO_PIC = NO;
				GCC_NO_COMMON_BLOCKS = YES;
				GCC_OPTIMIZATION_LEVEL = 0;
				GCC_PREPROCESSOR_DEFINITIONS = (
					"DEBUG=1",
					"$(inherited)",
				);
				GCC_WARN_64_TO_32_BIT_CONVERSION = YES;
				GCC_WARN_ABOUT_RETURN_TYPE = YES_ERROR;
				GCC_WARN_UNDECLARED_SELECTOR = YES;
				GCC_WARN_UNINITIALIZED_AUTOS = YES_AGGRESSIVE;
				GCC_WARN_UNUSED_FUNCTION = YES;
				GCC_WARN_UNUSED_VARIABLE = YES;
				IPHONEOS_DEPLOYMENT_TARGET = 17.0;
				LOCALIZATION_PREFERS_STRING_CATALOGS = YES;
				MTL_ENABLE_DEBUG_INFO = INCLUDE_SOURCE;
				MTL_FAST_MATH = YES;
				ONLY_ACTIVE_ARCH = YES;
				SDKROOT = iphoneos;
				SWIFT_ACTIVE_COMPILATION_CONDITIONS = "DEBUG $(inherited)";
				SWIFT_OPTIMIZATION_LEVEL = "-Onone";
			};
			name = Debug;
		};
		CF310BA72B2AFE460079C734 /* Release */ = {
			isa = XCBuildConfiguration;
			buildSettings = {
				ALWAYS_SEARCH_USER_PATHS = NO;
				ASSETCATALOG_COMPILER_GENERATE_SWIFT_ASSET_SYMBOL_EXTENSIONS = YES;
				CLANG_ANALYZER_NONNULL = YES;
				CLANG_ANALYZER_NUMBER_OBJECT_CONVERSION = YES_AGGRESSIVE;
				CLANG_CXX_LANGUAGE_STANDARD = "gnu++20";
				CLANG_ENABLE_MODULES = YES;
				CLANG_ENABLE_OBJC_ARC = YES;
				CLANG_ENABLE_OBJC_WEAK = YES;
				CLANG_WARN_BLOCK_CAPTURE_AUTORELEASING = YES;
				CLANG_WARN_BOOL_CONVERSION = YES;
				CLANG_WARN_COMMA = YES;
				CLANG_WARN_CONSTANT_CONVERSION = YES;
				CLANG_WARN_DEPRECATED_OBJC_IMPLEMENTATIONS = YES;
				CLANG_WARN_DIRECT_OBJC_ISA_USAGE = YES_ERROR;
				CLANG_WARN_DOCUMENTATION_COMMENTS = YES;
				CLANG_WARN_EMPTY_BODY = YES;
				CLANG_WARN_ENUM_CONVERSION = YES;
				CLANG_WARN_INFINITE_RECURSION = YES;
				CLANG_WARN_INT_CONVERSION = YES;
				CLANG_WARN_NON_LITERAL_NULL_CONVERSION = YES;
				CLANG_WARN_OBJC_IMPLICIT_RETAIN_SELF = YES;
				CLANG_WARN_OBJC_LITERAL_CONVERSION = YES;
				CLANG_WARN_OBJC_ROOT_CLASS = YES_ERROR;
				CLANG_WARN_QUOTED_INCLUDE_IN_FRAMEWORK_HEADER = YES;
				CLANG_WARN_RANGE_LOOP_ANALYSIS = YES;
				CLANG_WARN_STRICT_PROTOTYPES = YES;
				CLANG_WARN_SUSPICIOUS_MOVE = YES;
				CLANG_WARN_UNGUARDED_AVAILABILITY = YES_AGGRESSIVE;
				CLANG_WARN_UNREACHABLE_CODE = YES;
				CLANG_WARN__DUPLICATE_METHOD_MATCH = YES;
				COPY_PHASE_STRIP = NO;
				DEBUG_INFORMATION_FORMAT = "dwarf-with-dsym";
				ENABLE_NS_ASSERTIONS = NO;
				ENABLE_STRICT_OBJC_MSGSEND = YES;
				ENABLE_USER_SCRIPT_SANDBOXING = YES;
				GCC_C_LANGUAGE_STANDARD = gnu17;
				GCC_NO_COMMON_BLOCKS = YES;
				GCC_WARN_64_TO_32_BIT_CONVERSION = YES;
				GCC_WARN_ABOUT_RETURN_TYPE = YES_ERROR;
				GCC_WARN_UNDECLARED_SELECTOR = YES;
				GCC_WARN_UNINITIALIZED_AUTOS = YES_AGGRESSIVE;
				GCC_WARN_UNUSED_FUNCTION = YES;
				GCC_WARN_UNUSED_VARIABLE = YES;
				IPHONEOS_DEPLOYMENT_TARGET = 17.0;
				LOCALIZATION_PREFERS_STRING_CATALOGS = YES;
				MTL_ENABLE_DEBUG_INFO = NO;
				MTL_FAST_MATH = YES;
				SDKROOT = iphoneos;
				SWIFT_COMPILATION_MODE = wholemodule;
				VALIDATE_PRODUCT = YES;
			};
			name = Release;
		};
		CF310BA92B2AFE460079C734 /* Debug */ = {
			isa = XCBuildConfiguration;
			buildSettings = {
				ASSETCATALOG_COMPILER_APPICON_NAME = AppIcon;
				ASSETCATALOG_COMPILER_GLOBAL_ACCENT_COLOR_NAME = AccentColor;
				CODE_SIGN_STYLE = Automatic;
				CURRENT_PROJECT_VERSION = 1;
				DEVELOPMENT_TEAM = 5TLAY9535B;
				GENERATE_INFOPLIST_FILE = YES;
				INFOPLIST_FILE = "Luxy Driver/Info.plist";
				INFOPLIST_KEY_UIApplicationSupportsIndirectInputEvents = YES;
				INFOPLIST_KEY_UILaunchStoryboardName = LaunchScreen;
				INFOPLIST_KEY_UIMainStoryboardFile = Main;
				INFOPLIST_KEY_UISupportedInterfaceOrientations_iPad = "UIInterfaceOrientationPortrait UIInterfaceOrientationPortraitUpsideDown UIInterfaceOrientationLandscapeLeft UIInterfaceOrientationLandscapeRight";
				INFOPLIST_KEY_UISupportedInterfaceOrientations_iPhone = "UIInterfaceOrientationPortrait UIInterfaceOrientationLandscapeLeft UIInterfaceOrientationLandscapeRight";
				LD_RUNPATH_SEARCH_PATHS = (
					"$(inherited)",
					"@executable_path/Frameworks",
				);
				MARKETING_VERSION = 1.0;
				PRODUCT_BUNDLE_IDENTIFIER = "com.Techimmense.Luxy-Driver";
				PRODUCT_NAME = "$(TARGET_NAME)";
				SWIFT_EMIT_LOC_STRINGS = YES;
				SWIFT_VERSION = 5.0;
				TARGETED_DEVICE_FAMILY = "1,2";
			};
			name = Debug;
		};
		CF310BAA2B2AFE460079C734 /* Release */ = {
			isa = XCBuildConfiguration;
			buildSettings = {
				ASSETCATALOG_COMPILER_APPICON_NAME = AppIcon;
				ASSETCATALOG_COMPILER_GLOBAL_ACCENT_COLOR_NAME = AccentColor;
				CODE_SIGN_STYLE = Automatic;
				CURRENT_PROJECT_VERSION = 1;
				DEVELOPMENT_TEAM = 5TLAY9535B;
				GENERATE_INFOPLIST_FILE = YES;
				INFOPLIST_FILE = "Luxy Driver/Info.plist";
				INFOPLIST_KEY_UIApplicationSupportsIndirectInputEvents = YES;
				INFOPLIST_KEY_UILaunchStoryboardName = LaunchScreen;
				INFOPLIST_KEY_UIMainStoryboardFile = Main;
				INFOPLIST_KEY_UISupportedInterfaceOrientations_iPad = "UIInterfaceOrientationPortrait UIInterfaceOrientationPortraitUpsideDown UIInterfaceOrientationLandscapeLeft UIInterfaceOrientationLandscapeRight";
				INFOPLIST_KEY_UISupportedInterfaceOrientations_iPhone = "UIInterfaceOrientationPortrait UIInterfaceOrientationLandscapeLeft UIInterfaceOrientationLandscapeRight";
				LD_RUNPATH_SEARCH_PATHS = (
					"$(inherited)",
					"@executable_path/Frameworks",
				);
				MARKETING_VERSION = 1.0;
				PRODUCT_BUNDLE_IDENTIFIER = "com.Techimmense.Luxy-Driver";
				PRODUCT_NAME = "$(TARGET_NAME)";
				SWIFT_EMIT_LOC_STRINGS = YES;
				SWIFT_VERSION = 5.0;
				TARGETED_DEVICE_FAMILY = "1,2";
			};
			name = Release;
		};
		CF310BAC2B2AFE460079C734 /* Debug */ = {
			isa = XCBuildConfiguration;
			buildSettings = {
				ALWAYS_EMBED_SWIFT_STANDARD_LIBRARIES = YES;
				BUNDLE_LOADER = "$(TEST_HOST)";
				CODE_SIGN_STYLE = Automatic;
				CURRENT_PROJECT_VERSION = 1;
				DEVELOPMENT_TEAM = 5TLAY9535B;
				GENERATE_INFOPLIST_FILE = YES;
				IPHONEOS_DEPLOYMENT_TARGET = 17.0;
				MARKETING_VERSION = 1.0;
				PRODUCT_BUNDLE_IDENTIFIER = "com.Techimmense.Luxy-DriverTests";
				PRODUCT_NAME = "$(TARGET_NAME)";
				SWIFT_EMIT_LOC_STRINGS = NO;
				SWIFT_VERSION = 5.0;
				TARGETED_DEVICE_FAMILY = "1,2";
				TEST_HOST = "$(BUILT_PRODUCTS_DIR)/Luxy Driver.app/$(BUNDLE_EXECUTABLE_FOLDER_PATH)/Luxy Driver";
			};
			name = Debug;
		};
		CF310BAD2B2AFE460079C734 /* Release */ = {
			isa = XCBuildConfiguration;
			buildSettings = {
				ALWAYS_EMBED_SWIFT_STANDARD_LIBRARIES = YES;
				BUNDLE_LOADER = "$(TEST_HOST)";
				CODE_SIGN_STYLE = Automatic;
				CURRENT_PROJECT_VERSION = 1;
				DEVELOPMENT_TEAM = 5TLAY9535B;
				GENERATE_INFOPLIST_FILE = YES;
				IPHONEOS_DEPLOYMENT_TARGET = 17.0;
				MARKETING_VERSION = 1.0;
				PRODUCT_BUNDLE_IDENTIFIER = "com.Techimmense.Luxy-DriverTests";
				PRODUCT_NAME = "$(TARGET_NAME)";
				SWIFT_EMIT_LOC_STRINGS = NO;
				SWIFT_VERSION = 5.0;
				TARGETED_DEVICE_FAMILY = "1,2";
				TEST_HOST = "$(BUILT_PRODUCTS_DIR)/Luxy Driver.app/$(BUNDLE_EXECUTABLE_FOLDER_PATH)/Luxy Driver";
			};
			name = Release;
		};
		CF310BAF2B2AFE460079C734 /* Debug */ = {
			isa = XCBuildConfiguration;
			buildSettings = {
				ALWAYS_EMBED_SWIFT_STANDARD_LIBRARIES = YES;
				CODE_SIGN_STYLE = Automatic;
				CURRENT_PROJECT_VERSION = 1;
				DEVELOPMENT_TEAM = 5TLAY9535B;
				GENERATE_INFOPLIST_FILE = YES;
				MARKETING_VERSION = 1.0;
				PRODUCT_BUNDLE_IDENTIFIER = "com.Techimmense.Luxy-DriverUITests";
				PRODUCT_NAME = "$(TARGET_NAME)";
				SWIFT_EMIT_LOC_STRINGS = NO;
				SWIFT_VERSION = 5.0;
				TARGETED_DEVICE_FAMILY = "1,2";
				TEST_TARGET_NAME = "Luxy Driver";
			};
			name = Debug;
		};
		CF310BB02B2AFE460079C734 /* Release */ = {
			isa = XCBuildConfiguration;
			buildSettings = {
				ALWAYS_EMBED_SWIFT_STANDARD_LIBRARIES = YES;
				CODE_SIGN_STYLE = Automatic;
				CURRENT_PROJECT_VERSION = 1;
				DEVELOPMENT_TEAM = 5TLAY9535B;
				GENERATE_INFOPLIST_FILE = YES;
				MARKETING_VERSION = 1.0;
				PRODUCT_BUNDLE_IDENTIFIER = "com.Techimmense.Luxy-DriverUITests";
				PRODUCT_NAME = "$(TARGET_NAME)";
				SWIFT_EMIT_LOC_STRINGS = NO;
				SWIFT_VERSION = 5.0;
				TARGETED_DEVICE_FAMILY = "1,2";
				TEST_TARGET_NAME = "Luxy Driver";
			};
			name = Release;
		};
/* End XCBuildConfiguration section */

/* Begin XCConfigurationList section */
		CF310B792B2AFE440079C734 /* Build configuration list for PBXProject "Luxy Driver" */ = {
			isa = XCConfigurationList;
			buildConfigurations = (
				CF310BA62B2AFE460079C734 /* Debug */,
				CF310BA72B2AFE460079C734 /* Release */,
			);
			defaultConfigurationIsVisible = 0;
			defaultConfigurationName = Release;
		};
		CF310BA82B2AFE460079C734 /* Build configuration list for PBXNativeTarget "Luxy Driver" */ = {
			isa = XCConfigurationList;
			buildConfigurations = (
				CF310BA92B2AFE460079C734 /* Debug */,
				CF310BAA2B2AFE460079C734 /* Release */,
			);
			defaultConfigurationIsVisible = 0;
			defaultConfigurationName = Release;
		};
		CF310BAB2B2AFE460079C734 /* Build configuration list for PBXNativeTarget "Luxy DriverTests" */ = {
			isa = XCConfigurationList;
			buildConfigurations = (
				CF310BAC2B2AFE460079C734 /* Debug */,
				CF310BAD2B2AFE460079C734 /* Release */,
			);
			defaultConfigurationIsVisible = 0;
			defaultConfigurationName = Release;
		};
		CF310BAE2B2AFE460079C734 /* Build configuration list for PBXNativeTarget "Luxy DriverUITests" */ = {
			isa = XCConfigurationList;
			buildConfigurations = (
				CF310BAF2B2AFE460079C734 /* Debug */,
				CF310BB02B2AFE460079C734 /* Release */,
			);
			defaultConfigurationIsVisible = 0;
			defaultConfigurationName = Release;
		};
/* End XCConfigurationList section */
	};
	rootObject = CF310B762B2AFE440079C734 /* Project object */;
}
